// !$*UTF8*$!
{
	archiveVersion = 1;
	classes = {
	};
	objectVersion = 55;
	objects = {

/* Begin PBXBuildFile section */
		77DDB4DC285F4A3300FBF7F9 /* AppDelegate.swift in Sources */ = {isa = PBXBuildFile; fileRef = 77DDB4DB285F4A3300FBF7F9 /* AppDelegate.swift */; };
		77DDB4DE285F4A3300FBF7F9 /* SceneDelegate.swift in Sources */ = {isa = PBXBuildFile; fileRef = 77DDB4DD285F4A3300FBF7F9 /* SceneDelegate.swift */; };
		77DDB4E0285F4A3300FBF7F9 /* TabBarController.swift in Sources */ = {isa = PBXBuildFile; fileRef = 77DDB4DF285F4A3300FBF7F9 /* TabBarController.swift */; };
		77DDB4E5285F4A3400FBF7F9 /* Assets.xcassets in Resources */ = {isa = PBXBuildFile; fileRef = 77DDB4E4285F4A3400FBF7F9 /* Assets.xcassets */; };
		77DDB4E8285F4A3400FBF7F9 /* LaunchScreen.storyboard in Resources */ = {isa = PBXBuildFile; fileRef = 77DDB4E6285F4A3400FBF7F9 /* LaunchScreen.storyboard */; };
		77DDB528285F4E1D00FBF7F9 /* Kingfisher in Frameworks */ = {isa = PBXBuildFile; productRef = 77DDB527285F4E1D00FBF7F9 /* Kingfisher */; };
		77DDB52B285F4E6D00FBF7F9 /* SnapKit in Frameworks */ = {isa = PBXBuildFile; productRef = 77DDB52A285F4E6D00FBF7F9 /* SnapKit */; };
/* End PBXBuildFile section */

/* Begin PBXContainerItemProxy section */
		77DDB4EF285F4A3400FBF7F9 /* PBXContainerItemProxy */ = {
			isa = PBXContainerItemProxy;
			containerPortal = 77DDB4D0285F4A3300FBF7F9 /* Project object */;
			proxyType = 1;
			remoteGlobalIDString = 77DDB4D7285F4A3300FBF7F9;
			remoteInfo = AppStoreApp;
		};
		77DDB4F9285F4A3400FBF7F9 /* PBXContainerItemProxy */ = {
			isa = PBXContainerItemProxy;
			containerPortal = 77DDB4D0285F4A3300FBF7F9 /* Project object */;
			proxyType = 1;
			remoteGlobalIDString = 77DDB4D7285F4A3300FBF7F9;
			remoteInfo = AppStoreApp;
		};
/* End PBXContainerItemProxy section */

/* Begin PBXFileReference section */
		77DDB4D8285F4A3300FBF7F9 /* AppStoreApp.app */ = {isa = PBXFileReference; explicitFileType = wrapper.application; includeInIndex = 0; path = AppStoreApp.app; sourceTree = BUILT_PRODUCTS_DIR; };
		77DDB4DB285F4A3300FBF7F9 /* AppDelegate.swift */ = {isa = PBXFileReference; lastKnownFileType = sourcecode.swift; path = AppDelegate.swift; sourceTree = "<group>"; };
		77DDB4DD285F4A3300FBF7F9 /* SceneDelegate.swift */ = {isa = PBXFileReference; lastKnownFileType = sourcecode.swift; path = SceneDelegate.swift; sourceTree = "<group>"; };
		77DDB4DF285F4A3300FBF7F9 /* TabBarController.swift */ = {isa = PBXFileReference; lastKnownFileType = sourcecode.swift; path = TabBarController.swift; sourceTree = "<group>"; };
		77DDB4E4285F4A3400FBF7F9 /* Assets.xcassets */ = {isa = PBXFileReference; lastKnownFileType = folder.assetcatalog; path = Assets.xcassets; sourceTree = "<group>"; };
		77DDB4E7285F4A3400FBF7F9 /* Base */ = {isa = PBXFileReference; lastKnownFileType = file.storyboard; name = Base; path = Base.lproj/LaunchScreen.storyboard; sourceTree = "<group>"; };
		77DDB4E9285F4A3400FBF7F9 /* Info.plist */ = {isa = PBXFileReference; lastKnownFileType = text.plist.xml; path = Info.plist; sourceTree = "<group>"; };
		77DDB4EE285F4A3400FBF7F9 /* AppStoreAppTests.xctest */ = {isa = PBXFileReference; explicitFileType = wrapper.cfbundle; includeInIndex = 0; path = AppStoreAppTests.xctest; sourceTree = BUILT_PRODUCTS_DIR; };
		77DDB4F8285F4A3400FBF7F9 /* AppStoreAppUITests.xctest */ = {isa = PBXFileReference; explicitFileType = wrapper.cfbundle; includeInIndex = 0; path = AppStoreAppUITests.xctest; sourceTree = BUILT_PRODUCTS_DIR; };
/* End PBXFileReference section */

/* Begin PBXFrameworksBuildPhase section */
		77DDB4D5285F4A3300FBF7F9 /* Frameworks */ = {
			isa = PBXFrameworksBuildPhase;
			buildActionMask = 2147483647;
			files = (
				77DDB528285F4E1D00FBF7F9 /* Kingfisher in Frameworks */,
				77DDB52B285F4E6D00FBF7F9 /* SnapKit in Frameworks */,
			);
			runOnlyForDeploymentPostprocessing = 0;
		};
		77DDB4EB285F4A3400FBF7F9 /* Frameworks */ = {
			isa = PBXFrameworksBuildPhase;
			buildActionMask = 2147483647;
			files = (
			);
			runOnlyForDeploymentPostprocessing = 0;
		};
		77DDB4F5285F4A3400FBF7F9 /* Frameworks */ = {
			isa = PBXFrameworksBuildPhase;
			buildActionMask = 2147483647;
			files = (
			);
			runOnlyForDeploymentPostprocessing = 0;
		};
/* End PBXFrameworksBuildPhase section */

/* Begin PBXGroup section */
		77DDB4CF285F4A3300FBF7F9 = {
			isa = PBXGroup;
			children = (
				77DDB4DA285F4A3300FBF7F9 /* AppStoreApp */,
				77DDB4D9285F4A3300FBF7F9 /* Products */,
			);
			sourceTree = "<group>";
		};
		77DDB4D9285F4A3300FBF7F9 /* Products */ = {
			isa = PBXGroup;
			children = (
				77DDB4D8285F4A3300FBF7F9 /* AppStoreApp.app */,
				77DDB4EE285F4A3400FBF7F9 /* AppStoreAppTests.xctest */,
				77DDB4F8285F4A3400FBF7F9 /* AppStoreAppUITests.xctest */,
			);
			name = Products;
			sourceTree = "<group>";
		};
		77DDB4DA285F4A3300FBF7F9 /* AppStoreApp */ = {
			isa = PBXGroup;
			children = (
				77DDB4DB285F4A3300FBF7F9 /* AppDelegate.swift */,
				77DDB4DD285F4A3300FBF7F9 /* SceneDelegate.swift */,
				77DDB4DF285F4A3300FBF7F9 /* TabBarController.swift */,
				77DDB4E4285F4A3400FBF7F9 /* Assets.xcassets */,
				77DDB4E6285F4A3400FBF7F9 /* LaunchScreen.storyboard */,
				77DDB4E9285F4A3400FBF7F9 /* Info.plist */,
			);
			path = AppStoreApp;
			sourceTree = "<group>";
		};
/* End PBXGroup section */

/* Begin PBXNativeTarget section */
		77DDB4D7285F4A3300FBF7F9 /* AppStoreApp */ = {
			isa = PBXNativeTarget;
			buildConfigurationList = 77DDB502285F4A3400FBF7F9 /* Build configuration list for PBXNativeTarget "AppStoreApp" */;
			buildPhases = (
				77DDB4D4285F4A3300FBF7F9 /* Sources */,
				77DDB4D5285F4A3300FBF7F9 /* Frameworks */,
				77DDB4D6285F4A3300FBF7F9 /* Resources */,
			);
			buildRules = (
			);
			dependencies = (
			);
			name = AppStoreApp;
			packageProductDependencies = (
				77DDB527285F4E1D00FBF7F9 /* Kingfisher */,
				77DDB52A285F4E6D00FBF7F9 /* SnapKit */,
			);
			productName = AppStoreApp;
			productReference = 77DDB4D8285F4A3300FBF7F9 /* AppStoreApp.app */;
			productType = "com.apple.product-type.application";
		};
		77DDB4ED285F4A3400FBF7F9 /* AppStoreAppTests */ = {
			isa = PBXNativeTarget;
			buildConfigurationList = 77DDB505285F4A3400FBF7F9 /* Build configuration list for PBXNativeTarget "AppStoreAppTests" */;
			buildPhases = (
				77DDB4EA285F4A3400FBF7F9 /* Sources */,
				77DDB4EB285F4A3400FBF7F9 /* Frameworks */,
				77DDB4EC285F4A3400FBF7F9 /* Resources */,
			);
			buildRules = (
			);
			dependencies = (
				77DDB4F0285F4A3400FBF7F9 /* PBXTargetDependency */,
			);
			name = AppStoreAppTests;
			productName = AppStoreAppTests;
			productReference = 77DDB4EE285F4A3400FBF7F9 /* AppStoreAppTests.xctest */;
			productType = "com.apple.product-type.bundle.unit-test";
		};
		77DDB4F7285F4A3400FBF7F9 /* AppStoreAppUITests */ = {
			isa = PBXNativeTarget;
			buildConfigurationList = 77DDB508285F4A3400FBF7F9 /* Build configuration list for PBXNativeTarget "AppStoreAppUITests" */;
			buildPhases = (
				77DDB4F4285F4A3400FBF7F9 /* Sources */,
				77DDB4F5285F4A3400FBF7F9 /* Frameworks */,
				77DDB4F6285F4A3400FBF7F9 /* Resources */,
			);
			buildRules = (
			);
			dependencies = (
				77DDB4FA285F4A3400FBF7F9 /* PBXTargetDependency */,
			);
			name = AppStoreAppUITests;
			productName = AppStoreAppUITests;
			productReference = 77DDB4F8285F4A3400FBF7F9 /* AppStoreAppUITests.xctest */;
			productType = "com.apple.product-type.bundle.ui-testing";
		};
/* End PBXNativeTarget section */

/* Begin PBXProject section */
		77DDB4D0285F4A3300FBF7F9 /* Project object */ = {
			isa = PBXProject;
			attributes = {
				BuildIndependentTargetsInParallel = 1;
				LastSwiftUpdateCheck = 1340;
				LastUpgradeCheck = 1340;
				TargetAttributes = {
					77DDB4D7285F4A3300FBF7F9 = {
						CreatedOnToolsVersion = 13.4;
					};
					77DDB4ED285F4A3400FBF7F9 = {
						CreatedOnToolsVersion = 13.4;
						TestTargetID = 77DDB4D7285F4A3300FBF7F9;
					};
					77DDB4F7285F4A3400FBF7F9 = {
						CreatedOnToolsVersion = 13.4;
						TestTargetID = 77DDB4D7285F4A3300FBF7F9;
					};
				};
			};
			buildConfigurationList = 77DDB4D3285F4A3300FBF7F9 /* Build configuration list for PBXProject "AppStoreApp" */;
			compatibilityVersion = "Xcode 13.0";
			developmentRegion = en;
			hasScannedForEncodings = 0;
			knownRegions = (
				en,
				Base,
			);
			mainGroup = 77DDB4CF285F4A3300FBF7F9;
			packageReferences = (
				77DDB526285F4E1D00FBF7F9 /* XCRemoteSwiftPackageReference "Kingfisher" */,
				77DDB529285F4E6D00FBF7F9 /* XCRemoteSwiftPackageReference "SnapKit" */,
			);
			productRefGroup = 77DDB4D9285F4A3300FBF7F9 /* Products */;
			projectDirPath = "";
			projectRoot = "";
			targets = (
				77DDB4D7285F4A3300FBF7F9 /* AppStoreApp */,
				77DDB4ED285F4A3400FBF7F9 /* AppStoreAppTests */,
				77DDB4F7285F4A3400FBF7F9 /* AppStoreAppUITests */,
			);
		};
/* End PBXProject section */

/* Begin PBXResourcesBuildPhase section */
		77DDB4D6285F4A3300FBF7F9 /* Resources */ = {
			isa = PBXResourcesBuildPhase;
			buildActionMask = 2147483647;
			files = (
				77DDB4E8285F4A3400FBF7F9 /* LaunchScreen.storyboard in Resources */,
				77DDB4E5285F4A3400FBF7F9 /* Assets.xcassets in Resources */,
			);
			runOnlyForDeploymentPostprocessing = 0;
		};
		77DDB4EC285F4A3400FBF7F9 /* Resources */ = {
			isa = PBXResourcesBuildPhase;
			buildActionMask = 2147483647;
			files = (
			);
			runOnlyForDeploymentPostprocessing = 0;
		};
		77DDB4F6285F4A3400FBF7F9 /* Resources */ = {
			isa = PBXResourcesBuildPhase;
			buildActionMask = 2147483647;
			files = (
			);
			runOnlyForDeploymentPostprocessing = 0;
		};
/* End PBXResourcesBuildPhase section */

/* Begin PBXSourcesBuildPhase section */
		77DDB4D4285F4A3300FBF7F9 /* Sources */ = {
			isa = PBXSourcesBuildPhase;
			buildActionMask = 2147483647;
			files = (
				77DDB4E0285F4A3300FBF7F9 /* TabBarController.swift in Sources */,
				77DDB4DC285F4A3300FBF7F9 /* AppDelegate.swift in Sources */,
				77DDB4DE285F4A3300FBF7F9 /* SceneDelegate.swift in Sources */,
			);
			runOnlyForDeploymentPostprocessing = 0;
		};
		77DDB4EA285F4A3400FBF7F9 /* Sources */ = {
			isa = PBXSourcesBuildPhase;
			buildActionMask = 2147483647;
			files = (
			);
			runOnlyForDeploymentPostprocessing = 0;
		};
		77DDB4F4285F4A3400FBF7F9 /* Sources */ = {
			isa = PBXSourcesBuildPhase;
			buildActionMask = 2147483647;
			files = (
			);
			runOnlyForDeploymentPostprocessing = 0;
		};
/* End PBXSourcesBuildPhase section */

/* Begin PBXTargetDependency section */
		77DDB4F0285F4A3400FBF7F9 /* PBXTargetDependency */ = {
			isa = PBXTargetDependency;
			target = 77DDB4D7285F4A3300FBF7F9 /* AppStoreApp */;
			targetProxy = 77DDB4EF285F4A3400FBF7F9 /* PBXContainerItemProxy */;
		};
		77DDB4FA285F4A3400FBF7F9 /* PBXTargetDependency */ = {
			isa = PBXTargetDependency;
			target = 77DDB4D7285F4A3300FBF7F9 /* AppStoreApp */;
			targetProxy = 77DDB4F9285F4A3400FBF7F9 /* PBXContainerItemProxy */;
		};
/* End PBXTargetDependency section */

/* Begin PBXVariantGroup section */
		77DDB4E6285F4A3400FBF7F9 /* LaunchScreen.storyboard */ = {
			isa = PBXVariantGroup;
			children = (
				77DDB4E7285F4A3400FBF7F9 /* Base */,
			);
			name = LaunchScreen.storyboard;
			sourceTree = "<group>";
		};
/* End PBXVariantGroup section */

/* Begin XCBuildConfiguration section */
		77DDB500285F4A3400FBF7F9 /* Debug */ = {
			isa = XCBuildConfiguration;
			buildSettings = {
				ALWAYS_SEARCH_USER_PATHS = NO;
				CLANG_ANALYZER_NONNULL = YES;
				CLANG_ANALYZER_NUMBER_OBJECT_CONVERSION = YES_AGGRESSIVE;
				CLANG_CXX_LANGUAGE_STANDARD = "gnu++17";
				CLANG_ENABLE_MODULES = YES;
				CLANG_ENABLE_OBJC_ARC = YES;
				CLANG_ENABLE_OBJC_WEAK = YES;
				CLANG_WARN_BLOCK_CAPTURE_AUTORELEASING = YES;
				CLANG_WARN_BOOL_CONVERSION = YES;
				CLANG_WARN_COMMA = YES;
				CLANG_WARN_CONSTANT_CONVERSION = YES;
				CLANG_WARN_DEPRECATED_OBJC_IMPLEMENTATIONS = YES;
				CLANG_WARN_DIRECT_OBJC_ISA_USAGE = YES_ERROR;
				CLANG_WARN_DOCUMENTATION_COMMENTS = YES;
				CLANG_WARN_EMPTY_BODY = YES;
				CLANG_WARN_ENUM_CONVERSION = YES;
				CLANG_WARN_INFINITE_RECURSION = YES;
				CLANG_WARN_INT_CONVERSION = YES;
				CLANG_WARN_NON_LITERAL_NULL_CONVERSION = YES;
				CLANG_WARN_OBJC_IMPLICIT_RETAIN_SELF = YES;
				CLANG_WARN_OBJC_LITERAL_CONVERSION = YES;
				CLANG_WARN_OBJC_ROOT_CLASS = YES_ERROR;
				CLANG_WARN_QUOTED_INCLUDE_IN_FRAMEWORK_HEADER = YES;
				CLANG_WARN_RANGE_LOOP_ANALYSIS = YES;
				CLANG_WARN_STRICT_PROTOTYPES = YES;
				CLANG_WARN_SUSPICIOUS_MOVE = YES;
				CLANG_WARN_UNGUARDED_AVAILABILITY = YES_AGGRESSIVE;
				CLANG_WARN_UNREACHABLE_CODE = YES;
				CLANG_WARN__DUPLICATE_METHOD_MATCH = YES;
				COPY_PHASE_STRIP = NO;
				DEBUG_INFORMATION_FORMAT = dwarf;
				ENABLE_STRICT_OBJC_MSGSEND = YES;
				ENABLE_TESTABILITY = YES;
				GCC_C_LANGUAGE_STANDARD = gnu11;
				GCC_DYNAMIC_NO_PIC = NO;
				GCC_NO_COMMON_BLOCKS = YES;
				GCC_OPTIMIZATION_LEVEL = 0;
				GCC_PREPROCESSOR_DEFINITIONS = (
					"DEBUG=1",
					"$(inherited)",
				);
				GCC_WARN_64_TO_32_BIT_CONVERSION = YES;
				GCC_WARN_ABOUT_RETURN_TYPE = YES_ERROR;
				GCC_WARN_UNDECLARED_SELECTOR = YES;
				GCC_WARN_UNINITIALIZED_AUTOS = YES_AGGRESSIVE;
				GCC_WARN_UNUSED_FUNCTION = YES;
				GCC_WARN_UNUSED_VARIABLE = YES;
				IPHONEOS_DEPLOYMENT_TARGET = 15.5;
				MTL_ENABLE_DEBUG_INFO = INCLUDE_SOURCE;
				MTL_FAST_MATH = YES;
				ONLY_ACTIVE_ARCH = YES;
				SDKROOT = iphoneos;
				SWIFT_ACTIVE_COMPILATION_CONDITIONS = DEBUG;
				SWIFT_OPTIMIZATION_LEVEL = "-Onone";
			};
			name = Debug;
		};
		77DDB501285F4A3400FBF7F9 /* Release */ = {
			isa = XCBuildConfiguration;
			buildSettings = {
				ALWAYS_SEARCH_USER_PATHS = NO;
				CLANG_ANALYZER_NONNULL = YES;
				CLANG_ANALYZER_NUMBER_OBJECT_CONVERSION = YES_AGGRESSIVE;
				CLANG_CXX_LANGUAGE_STANDARD = "gnu++17";
				CLANG_ENABLE_MODULES = YES;
				CLANG_ENABLE_OBJC_ARC = YES;
				CLANG_ENABLE_OBJC_WEAK = YES;
				CLANG_WARN_BLOCK_CAPTURE_AUTORELEASING = YES;
				CLANG_WARN_BOOL_CONVERSION = YES;
				CLANG_WARN_COMMA = YES;
				CLANG_WARN_CONSTANT_CONVERSION = YES;
				CLANG_WARN_DEPRECATED_OBJC_IMPLEMENTATIONS = YES;
				CLANG_WARN_DIRECT_OBJC_ISA_USAGE = YES_ERROR;
				CLANG_WARN_DOCUMENTATION_COMMENTS = YES;
				CLANG_WARN_EMPTY_BODY = YES;
				CLANG_WARN_ENUM_CONVERSION = YES;
				CLANG_WARN_INFINITE_RECURSION = YES;
				CLANG_WARN_INT_CONVERSION = YES;
				CLANG_WARN_NON_LITERAL_NULL_CONVERSION = YES;
				CLANG_WARN_OBJC_IMPLICIT_RETAIN_SELF = YES;
				CLANG_WARN_OBJC_LITERAL_CONVERSION = YES;
				CLANG_WARN_OBJC_ROOT_CLASS = YES_ERROR;
				CLANG_WARN_QUOTED_INCLUDE_IN_FRAMEWORK_HEADER = YES;
				CLANG_WARN_RANGE_LOOP_ANALYSIS = YES;
				CLANG_WARN_STRICT_PROTOTYPES = YES;
				CLANG_WARN_SUSPICIOUS_MOVE = YES;
				CLANG_WARN_UNGUARDED_AVAILABILITY = YES_AGGRESSIVE;
				CLANG_WARN_UNREACHABLE_CODE = YES;
				CLANG_WARN__DUPLICATE_METHOD_MATCH = YES;
				COPY_PHASE_STRIP = NO;
				DEBUG_INFORMATION_FORMAT = "dwarf-with-dsym";
				ENABLE_NS_ASSERTIONS = NO;
				ENABLE_STRICT_OBJC_MSGSEND = YES;
				GCC_C_LANGUAGE_STANDARD = gnu11;
				GCC_NO_COMMON_BLOCKS = YES;
				GCC_WARN_64_TO_32_BIT_CONVERSION = YES;
				GCC_WARN_ABOUT_RETURN_TYPE = YES_ERROR;
				GCC_WARN_UNDECLARED_SELECTOR = YES;
				GCC_WARN_UNINITIALIZED_AUTOS = YES_AGGRESSIVE;
				GCC_WARN_UNUSED_FUNCTION = YES;
				GCC_WARN_UNUSED_VARIABLE = YES;
				IPHONEOS_DEPLOYMENT_TARGET = 15.5;
				MTL_ENABLE_DEBUG_INFO = NO;
				MTL_FAST_MATH = YES;
				SDKROOT = iphoneos;
				SWIFT_COMPILATION_MODE = wholemodule;
				SWIFT_OPTIMIZATION_LEVEL = "-O";
				VALIDATE_PRODUCT = YES;
			};
			name = Release;
		};
		77DDB503285F4A3400FBF7F9 /* Debug */ = {
			isa = XCBuildConfiguration;
			buildSettings = {
				ASSETCATALOG_COMPILER_APPICON_NAME = AppIcon;
				ASSETCATALOG_COMPILER_GLOBAL_ACCENT_COLOR_NAME = AccentColor;
				CODE_SIGN_STYLE = Automatic;
				CURRENT_PROJECT_VERSION = 1;
				DEVELOPMENT_TEAM = 5286U5DLX4;
				GENERATE_INFOPLIST_FILE = YES;
				INFOPLIST_FILE = AppStoreApp/Info.plist;
				INFOPLIST_KEY_UIApplicationSupportsIndirectInputEvents = YES;
				INFOPLIST_KEY_UILaunchStoryboardName = LaunchScreen;
				INFOPLIST_KEY_UIMainStoryboardFile = LaunchScreen;
				INFOPLIST_KEY_UISupportedInterfaceOrientations_iPad = "UIInterfaceOrientationPortrait UIInterfaceOrientationPortraitUpsideDown UIInterfaceOrientationLandscapeLeft UIInterfaceOrientationLandscapeRight";
				INFOPLIST_KEY_UISupportedInterfaceOrientations_iPhone = "UIInterfaceOrientationPortrait UIInterfaceOrientationLandscapeLeft UIInterfaceOrientationLandscapeRight";
				LD_RUNPATH_SEARCH_PATHS = (
					"$(inherited)",
					"@executable_path/Frameworks",
				);
				MARKETING_VERSION = 1.0;
				PRODUCT_BUNDLE_IDENTIFIER = kr.AppStoreApp;
				PRODUCT_NAME = "$(TARGET_NAME)";
				SWIFT_EMIT_LOC_STRINGS = YES;
				SWIFT_VERSION = 5.0;
				TARGETED_DEVICE_FAMILY = "1,2";
			};
			name = Debug;
		};
		77DDB504285F4A3400FBF7F9 /* Release */ = {
			isa = XCBuildConfiguration;
			buildSettings = {
				ASSETCATALOG_COMPILER_APPICON_NAME = AppIcon;
				ASSETCATALOG_COMPILER_GLOBAL_ACCENT_COLOR_NAME = AccentColor;
				CODE_SIGN_STYLE = Automatic;
				CURRENT_PROJECT_VERSION = 1;
				DEVELOPMENT_TEAM = 5286U5DLX4;
				GENERATE_INFOPLIST_FILE = YES;
				INFOPLIST_FILE = AppStoreApp/Info.plist;
				INFOPLIST_KEY_UIApplicationSupportsIndirectInputEvents = YES;
				INFOPLIST_KEY_UILaunchStoryboardName = LaunchScreen;
				INFOPLIST_KEY_UIMainStoryboardFile = LaunchScreen;
				INFOPLIST_KEY_UISupportedInterfaceOrientations_iPad = "UIInterfaceOrientationPortrait UIInterfaceOrientationPortraitUpsideDown UIInterfaceOrientationLandscapeLeft UIInterfaceOrientationLandscapeRight";
				INFOPLIST_KEY_UISupportedInterfaceOrientations_iPhone = "UIInterfaceOrientationPortrait UIInterfaceOrientationLandscapeLeft UIInterfaceOrientationLandscapeRight";
				LD_RUNPATH_SEARCH_PATHS = (
					"$(inherited)",
					"@executable_path/Frameworks",
				);
				MARKETING_VERSION = 1.0;
				PRODUCT_BUNDLE_IDENTIFIER = kr.AppStoreApp;
				PRODUCT_NAME = "$(TARGET_NAME)";
				SWIFT_EMIT_LOC_STRINGS = YES;
				SWIFT_VERSION = 5.0;
				TARGETED_DEVICE_FAMILY = "1,2";
			};
			name = Release;
		};
		77DDB506285F4A3400FBF7F9 /* Debug */ = {
			isa = XCBuildConfiguration;
			buildSettings = {
				ALWAYS_EMBED_SWIFT_STANDARD_LIBRARIES = YES;
				BUNDLE_LOADER = "$(TEST_HOST)";
				CODE_SIGN_STYLE = Automatic;
				CURRENT_PROJECT_VERSION = 1;
				DEVELOPMENT_TEAM = 5286U5DLX4;
				GENERATE_INFOPLIST_FILE = YES;
				IPHONEOS_DEPLOYMENT_TARGET = 15.5;
				MARKETING_VERSION = 1.0;
				PRODUCT_BUNDLE_IDENTIFIER = kr.AppStoreAppTests;
				PRODUCT_NAME = "$(TARGET_NAME)";
				SWIFT_EMIT_LOC_STRINGS = NO;
				SWIFT_VERSION = 5.0;
				TARGETED_DEVICE_FAMILY = "1,2";
				TEST_HOST = "$(BUILT_PRODUCTS_DIR)/AppStoreApp.app/AppStoreApp";
			};
			name = Debug;
		};
		77DDB507285F4A3400FBF7F9 /* Release */ = {
			isa = XCBuildConfiguration;
			buildSettings = {
				ALWAYS_EMBED_SWIFT_STANDARD_LIBRARIES = YES;
				BUNDLE_LOADER = "$(TEST_HOST)";
				CODE_SIGN_STYLE = Automatic;
				CURRENT_PROJECT_VERSION = 1;
				DEVELOPMENT_TEAM = 5286U5DLX4;
				GENERATE_INFOPLIST_FILE = YES;
				IPHONEOS_DEPLOYMENT_TARGET = 15.5;
				MARKETING_VERSION = 1.0;
				PRODUCT_BUNDLE_IDENTIFIER = kr.AppStoreAppTests;
				PRODUCT_NAME = "$(TARGET_NAME)";
				SWIFT_EMIT_LOC_STRINGS = NO;
				SWIFT_VERSION = 5.0;
				TARGETED_DEVICE_FAMILY = "1,2";
				TEST_HOST = "$(BUILT_PRODUCTS_DIR)/AppStoreApp.app/AppStoreApp";
			};
			name = Release;
		};
		77DDB509285F4A3400FBF7F9 /* Debug */ = {
			isa = XCBuildConfiguration;
			buildSettings = {
				ALWAYS_EMBED_SWIFT_STANDARD_LIBRARIES = YES;
				CODE_SIGN_STYLE = Automatic;
				CURRENT_PROJECT_VERSION = 1;
				DEVELOPMENT_TEAM = 5286U5DLX4;
				GENERATE_INFOPLIST_FILE = YES;
				MARKETING_VERSION = 1.0;
				PRODUCT_BUNDLE_IDENTIFIER = kr.AppStoreAppUITests;
				PRODUCT_NAME = "$(TARGET_NAME)";
				SWIFT_EMIT_LOC_STRINGS = NO;
				SWIFT_VERSION = 5.0;
				TARGETED_DEVICE_FAMILY = "1,2";
				TEST_TARGET_NAME = AppStoreApp;
			};
			name = Debug;
		};
		77DDB50A285F4A3400FBF7F9 /* Release */ = {
			isa = XCBuildConfiguration;
			buildSettings = {
				ALWAYS_EMBED_SWIFT_STANDARD_LIBRARIES = YES;
				CODE_SIGN_STYLE = Automatic;
				CURRENT_PROJECT_VERSION = 1;
				DEVELOPMENT_TEAM = 5286U5DLX4;
				GENERATE_INFOPLIST_FILE = YES;
				MARKETING_VERSION = 1.0;
				PRODUCT_BUNDLE_IDENTIFIER = kr.AppStoreAppUITests;
				PRODUCT_NAME = "$(TARGET_NAME)";
				SWIFT_EMIT_LOC_STRINGS = NO;
				SWIFT_VERSION = 5.0;
				TARGETED_DEVICE_FAMILY = "1,2";
				TEST_TARGET_NAME = AppStoreApp;
			};
			name = Release;
		};
/* End XCBuildConfiguration section */

/* Begin XCConfigurationList section */
		77DDB4D3285F4A3300FBF7F9 /* Build configuration list for PBXProject "AppStoreApp" */ = {
			isa = XCConfigurationList;
			buildConfigurations = (
				77DDB500285F4A3400FBF7F9 /* Debug */,
				77DDB501285F4A3400FBF7F9 /* Release */,
			);
			defaultConfigurationIsVisible = 0;
			defaultConfigurationName = Release;
		};
		77DDB502285F4A3400FBF7F9 /* Build configuration list for PBXNativeTarget "AppStoreApp" */ = {
			isa = XCConfigurationList;
			buildConfigurations = (
				77DDB503285F4A3400FBF7F9 /* Debug */,
				77DDB504285F4A3400FBF7F9 /* Release */,
			);
			defaultConfigurationIsVisible = 0;
			defaultConfigurationName = Release;
		};
		77DDB505285F4A3400FBF7F9 /* Build configuration list for PBXNativeTarget "AppStoreAppTests" */ = {
			isa = XCConfigurationList;
			buildConfigurations = (
				77DDB506285F4A3400FBF7F9 /* Debug */,
				77DDB507285F4A3400FBF7F9 /* Release */,
			);
			defaultConfigurationIsVisible = 0;
			defaultConfigurationName = Release;
		};
		77DDB508285F4A3400FBF7F9 /* Build configuration list for PBXNativeTarget "AppStoreAppUITests" */ = {
			isa = XCConfigurationList;
			buildConfigurations = (
				77DDB509285F4A3400FBF7F9 /* Debug */,
				77DDB50A285F4A3400FBF7F9 /* Release */,
			);
			defaultConfigurationIsVisible = 0;
			defaultConfigurationName = Release;
		};
/* End XCConfigurationList section */

/* Begin XCRemoteSwiftPackageReference section */
		77DDB526285F4E1D00FBF7F9 /* XCRemoteSwiftPackageReference "Kingfisher" */ = {
			isa = XCRemoteSwiftPackageReference;
			repositoryURL = "https://github.com/onevcat/Kingfisher";
			requirement = {
				branch = master;
				kind = branch;
			};
		};
		77DDB529285F4E6D00FBF7F9 /* XCRemoteSwiftPackageReference "SnapKit" */ = {
			isa = XCRemoteSwiftPackageReference;
			repositoryURL = "https://github.com/SnapKit/SnapKit";
			requirement = {
				kind = upToNextMajorVersion;
				minimumVersion = 5.0.0;
			};
		};
/* End XCRemoteSwiftPackageReference section */

/* Begin XCSwiftPackageProductDependency section */
		77DDB527285F4E1D00FBF7F9 /* Kingfisher */ = {
			isa = XCSwiftPackageProductDependency;
			package = 77DDB526285F4E1D00FBF7F9 /* XCRemoteSwiftPackageReference "Kingfisher" */;
			productName = Kingfisher;
		};
		77DDB52A285F4E6D00FBF7F9 /* SnapKit */ = {
			isa = XCSwiftPackageProductDependency;
			package = 77DDB529285F4E6D00FBF7F9 /* XCRemoteSwiftPackageReference "SnapKit" */;
			productName = SnapKit;
		};
/* End XCSwiftPackageProductDependency section */
	};
	rootObject = 77DDB4D0285F4A3300FBF7F9 /* Project object */;
}
